<?xml version="1.0" encoding="utf-8"?>
<Project ToolsVersion="4.0" xmlns="http://schemas.microsoft.com/developer/msbuild/2003">
  <ItemGroup>
    <Filter Include="share">
      <UniqueIdentifier>{d04d61f6-7573-473f-a31d-74bac13598f4}</UniqueIdentifier>
    </Filter>
    <Filter Include="share\tinyxml">
      <UniqueIdentifier>{856dde26-7b19-46e4-988b-4139767c942b}</UniqueIdentifier>
    </Filter>
    <Filter Include="engine">
      <UniqueIdentifier>{de2c5127-ba27-425c-b9c1-1cb09cb06cdf}</UniqueIdentifier>
    </Filter>
  </ItemGroup>
  <ItemGroup>
    <ClCompile Include="TestWindows.cpp" />
    <ClCompile Include="..\..\share\tinyxml\md5.cpp">
      <Filter>share\tinyxml</Filter>
    </ClCompile>
    <ClCompile Include="..\..\share\tinyxml\tinystr.cpp">
      <Filter>share\tinyxml</Filter>
    </ClCompile>
    <ClCompile Include="..\..\share\tinyxml\tinyxml.cpp">
      <Filter>share\tinyxml</Filter>
    </ClCompile>
    <ClCompile Include="..\..\share\tinyxml\tinyxmlerror.cpp">
      <Filter>share\tinyxml</Filter>
    </ClCompile>
    <ClCompile Include="..\..\share\tinyxml\tinyxmlparser.cpp">
      <Filter>share\tinyxml</Filter>
    </ClCompile>
    <ClCompile Include="..\..\engine\INetBase.cpp" />
  </ItemGroup>
  <ItemGroup>
    <ClInclude Include="..\..\share\tinyxml\md5.h">
      <Filter>share\tinyxml</Filter>
    </ClInclude>
    <ClInclude Include="..\..\share\tinyxml\tinystr.h">
      <Filter>share\tinyxml</Filter>
    </ClInclude>
    <ClInclude Include="..\..\share\tinyxml\tinyxml.h">
      <Filter>share\tinyxml</Filter>
    </ClInclude>
    <ClInclude Include="..\..\engine\IDefine.h">
      <Filter>engine</Filter>
    </ClInclude>
    <ClInclude Include="..\..\engine\INetBase.h">
      <Filter>engine</Filter>
    </ClInclude>
  </ItemGroup>
</Project>